
Microsoft Visual Studio Solution File, Format Version 12.00
# Visual Studio Version 16
VisualStudioVersion = 16.0.31205.134
MinimumVisualStudioVersion = 10.0.40219.1
Project("{FAE04EC0-301F-11D3-BF4B-00C04F79EFBC}") = "GoogleDrivePaperlessImporter", "GoogleDrivePaperlessImporter.csproj", "{8A955B8A-2E07-42C9-A051-AE842AC04E9A}"
EndProject
Global
	GlobalSection(SolutionConfigurationPlatforms) = preSolution
		Debug|Any CPU = Debug|Any CPU
		Release|Any CPU = Release|Any CPU
	EndGlobalSection
	GlobalSection(ProjectConfigurationPlatforms) = postSolution
		{8A955B8A-2E07-42C9-A051-AE842AC04E9A}.Debug|Any CPU.ActiveCfg = Debug|Any CPU
		{8A955B8A-2E07-42C9-A051-AE842AC04E9A}.Debug|Any CPU.Build.0 = Debug|Any CPU
		{8A955B8A-2E07-42C9-A051-AE842AC04E9A}.Release|Any CPU.ActiveCfg = Release|Any CPU
		{8A955B8A-2E07-42C9-A051-AE842AC04E9A}.Release|Any CPU.Build.0 = Release|Any CPU
	EndGlobalSection
	GlobalSection(SolutionProperties) = preSolution
		HideSolutionNode = FALSE
	EndGlobalSection
	GlobalSection(ExtensibilityGlobals) = postSolution
		SolutionGuid = {76D6A0DF-1FEC-4090-AC2B-FB866B5B0728}
	EndGlobalSection
EndGlobal
